
Microsoft Visual Studio Solution File, Format Version 12.00
# Visual Studio Version 17
VisualStudioVersion = 17.5.33414.496
MinimumVisualStudioVersion = 10.0.40219.1
Project("{FAE04EC0-301F-11D3-BF4B-00C04F79EFBC}") = "PR 9", "PR 9.csproj", "{67A80DDC-6384-4BA2-8746-AAB35430D6C9}"
EndProject
Global
	GlobalSection(SolutionConfigurationPlatforms) = preSolution
		Debug|Any CPU = Debug|Any CPU
		Release|Any CPU = Release|Any CPU
	EndGlobalSection
	GlobalSection(ProjectConfigurationPlatforms) = postSolution
		{67A80DDC-6384-4BA2-8746-AAB35430D6C9}.Debug|Any CPU.ActiveCfg = Debug|Any CPU
		{67A80DDC-6384-4BA2-8746-AAB35430D6C9}.Debug|Any CPU.Build.0 = Debug|Any CPU
		{67A80DDC-6384-4BA2-8746-AAB35430D6C9}.Release|Any CPU.ActiveCfg = Release|Any CPU
		{67A80DDC-6384-4BA2-8746-AAB35430D6C9}.Release|Any CPU.Build.0 = Release|Any CPU
	EndGlobalSection
	GlobalSection(SolutionProperties) = preSolution
		HideSolutionNode = FALSE
	EndGlobalSection
	GlobalSection(ExtensibilityGlobals) = postSolution
		SolutionGuid = {0229F373-8F64-48DD-9B76-04CC049E480D}
	EndGlobalSection
EndGlobal
